
Microsoft Visual Studio Solution File, Format Version 12.00
# Visual Studio Version 16
VisualStudioVersion = 16.0.29306.81
MinimumVisualStudioVersion = 10.0.40219.1
Project("{FAE04EC0-301F-11D3-BF4B-00C04F79EFBC}") = "PersistentStackVisualization", "..\PersistentStackVisualization.csproj", "{4681DBFF-B9B9-4A1D-8B79-B4BF15BC5C55}"
EndProject
Project("{FAE04EC0-301F-11D3-BF4B-00C04F79EFBC}") = "DataAccessLayer", "DataAccessLayer\DataAccessLayer.csproj", "{7FC3DC38-44F1-4A1C-A2FE-2ADFFA6502C2}"
EndProject
Global
	GlobalSection(SolutionConfigurationPlatforms) = preSolution
		Debug|Any CPU = Debug|Any CPU
		Release|Any CPU = Release|Any CPU
	EndGlobalSection
	GlobalSection(ProjectConfigurationPlatforms) = postSolution
		{4681DBFF-B9B9-4A1D-8B79-B4BF15BC5C55}.Debug|Any CPU.ActiveCfg = Debug|Any CPU
		{4681DBFF-B9B9-4A1D-8B79-B4BF15BC5C55}.Debug|Any CPU.Build.0 = Debug|Any CPU
		{4681DBFF-B9B9-4A1D-8B79-B4BF15BC5C55}.Release|Any CPU.ActiveCfg = Release|Any CPU
		{4681DBFF-B9B9-4A1D-8B79-B4BF15BC5C55}.Release|Any CPU.Build.0 = Release|Any CPU
		{7FC3DC38-44F1-4A1C-A2FE-2ADFFA6502C2}.Debug|Any CPU.ActiveCfg = Debug|Any CPU
		{7FC3DC38-44F1-4A1C-A2FE-2ADFFA6502C2}.Debug|Any CPU.Build.0 = Debug|Any CPU
		{7FC3DC38-44F1-4A1C-A2FE-2ADFFA6502C2}.Release|Any CPU.ActiveCfg = Release|Any CPU
		{7FC3DC38-44F1-4A1C-A2FE-2ADFFA6502C2}.Release|Any CPU.Build.0 = Release|Any CPU
	EndGlobalSection
	GlobalSection(SolutionProperties) = preSolution
		HideSolutionNode = FALSE
	EndGlobalSection
	GlobalSection(ExtensibilityGlobals) = postSolution
		SolutionGuid = {950CC651-3B55-4505-B059-AFC6C6B687F7}
	EndGlobalSection
EndGlobal
